
Microsoft Visual Studio Solution File, Format Version 12.00
Project("{FAE04EC0-301F-11D3-BF4B-00C04F79EFBC}") = "Churritos.Dominio", "Churritos.Dominio\Churritos.Dominio.csproj", "{C1A0C8F4-9D9A-4F0B-B43B-C545603A04F8}"
EndProject
Project("{FAE04EC0-301F-11D3-BF4B-00C04F79EFBC}") = "Churritos.App", "Churritos.App\Churritos.App.csproj", "{AFCD87ED-29B0-4205-9B3E-E40FD82575EB}"
EndProject
Project("{2150E333-8FDC-42A3-9474-1A3956D46DE8}") = "Solution Itens", "Solution Itens", "{7D950B0E-6658-4E1E-9899-B18F47311F75}"
ProjectSection(SolutionItems) = preProject
	Remove-Migration.ps1 = Remove-Migration.ps1
	Add-Migration.ps1 = Add-Migration.ps1
	Reset-Migrations.ps1 = Reset-Migrations.ps1
EndProjectSection
EndProject
Global
	GlobalSection(SolutionConfigurationPlatforms) = preSolution
		Debug|Any CPU = Debug|Any CPU
		Release|Any CPU = Release|Any CPU
	EndGlobalSection
	GlobalSection(ProjectConfigurationPlatforms) = postSolution
		{C1A0C8F4-9D9A-4F0B-B43B-C545603A04F8}.Debug|Any CPU.ActiveCfg = Debug|Any CPU
		{C1A0C8F4-9D9A-4F0B-B43B-C545603A04F8}.Debug|Any CPU.Build.0 = Debug|Any CPU
		{C1A0C8F4-9D9A-4F0B-B43B-C545603A04F8}.Release|Any CPU.ActiveCfg = Release|Any CPU
		{C1A0C8F4-9D9A-4F0B-B43B-C545603A04F8}.Release|Any CPU.Build.0 = Release|Any CPU
		{AFCD87ED-29B0-4205-9B3E-E40FD82575EB}.Debug|Any CPU.ActiveCfg = Debug|Any CPU
		{AFCD87ED-29B0-4205-9B3E-E40FD82575EB}.Debug|Any CPU.Build.0 = Debug|Any CPU
		{AFCD87ED-29B0-4205-9B3E-E40FD82575EB}.Release|Any CPU.ActiveCfg = Release|Any CPU
		{AFCD87ED-29B0-4205-9B3E-E40FD82575EB}.Release|Any CPU.Build.0 = Release|Any CPU
	EndGlobalSection
EndGlobal
